
Microsoft Visual Studio Solution File, Format Version 12.00
# Visual Studio 15
VisualStudioVersion = 15.0.28307.1022
MinimumVisualStudioVersion = 10.0.40219.1
Project("{8BC9CEB8-8B4A-11D0-8D11-00A0C91BC942}") = "Study", "Study\Study.vcxproj", "{3EF53C47-954E-4445-B9F7-25255ED35F1F}"
EndProject
Project("{8BC9CEB8-8B4A-11D0-8D11-00A0C91BC942}") = "Manager", "Manager\Manager.vcxproj", "{7BED0688-78A2-4940-8A3F-94C0E43F0178}"
EndProject
Project("{8BC9CEB8-8B4A-11D0-8D11-00A0C91BC942}") = "MCoreLib", "MCoreLib\MCoreLib.vcxproj", "{FEA440A2-BEE3-46A9-80FB-E9DFAC6E5365}"
EndProject
Project("{8BC9CEB8-8B4A-11D0-8D11-00A0C91BC942}") = "WinTestSprite", "WindowTest\WindowTest.vcxproj", "{2B925504-AFB2-4D19-964E-42F3817AC7AE}"
EndProject
Project("{8BC9CEB8-8B4A-11D0-8D11-00A0C91BC942}") = "Bitmap", "Bitmap\Bitmap.vcxproj", "{97ADA6C3-9743-4763-9AD9-83A569E942E5}"
EndProject
Project("{8BC9CEB8-8B4A-11D0-8D11-00A0C91BC942}") = "WinTestRotate", "WindowTest1\WindowTest1.vcxproj", "{36C39555-532C-4F7E-8CA9-12815EC2E77F}"
EndProject
Project("{8BC9CEB8-8B4A-11D0-8D11-00A0C91BC942}") = "WinTestScroll", "WinTestScroll\WinTestScroll.vcxproj", "{A16B0838-AC37-4B0A-B6CE-2EA8CCB3D842}"
EndProject
Project("{8BC9CEB8-8B4A-11D0-8D11-00A0C91BC942}") = "PlantsZombies", "PlantsZombies\PlantsZombies.vcxproj", "{C48CEF59-8DB9-4772-B3A8-CCF14C5E473D}"
EndProject
Project("{2150E333-8FDC-42A3-9474-1A3956D46DE8}") = "API", "API", "{34C6B5D7-22EF-48BF-BC7C-4CFE64DEAB3B}"
EndProject
Project("{2150E333-8FDC-42A3-9474-1A3956D46DE8}") = "Practice", "Practice", "{11B13996-C46D-48FD-A9CF-AC368BE7AE56}"
EndProject
Project("{2150E333-8FDC-42A3-9474-1A3956D46DE8}") = "DX", "DX", "{F2AADC65-4E0B-4DE8-9840-02C6B49DE4E0}"
EndProject
Project("{8BC9CEB8-8B4A-11D0-8D11-00A0C91BC942}") = "MCoreDX", "MCoreDX\MCoreDX.vcxproj", "{9A66A7D2-E149-4D6E-B922-27AB4338FC39}"
EndProject
Project("{8BC9CEB8-8B4A-11D0-8D11-00A0C91BC942}") = "Gestalt_2D_Framework", "Gestalt_2D_Framework\Gestalt_2D_Framework.vcxproj", "{A5E90BC8-586C-4594-A035-7FB41941476B}"
EndProject
Project("{8BC9CEB8-8B4A-11D0-8D11-00A0C91BC942}") = "Test", "Test\Test.vcxproj", "{4AEE24D0-8C38-4E94-85FD-469C219953CB}"
EndProject
Project("{8BC9CEB8-8B4A-11D0-8D11-00A0C91BC942}") = "PlantsZombiesDX2D", "PlantsZombiesDX2D\PlantsZombiesDX2D.vcxproj", "{20DAEFBA-6CD0-41BC-834D-1508D544FFBB}"
EndProject
Project("{2150E333-8FDC-42A3-9474-1A3956D46DE8}") = "Camera", "Camera", "{95211807-43A2-432B-AA44-93C71F02263C}"
EndProject
Project("{8BC9CEB8-8B4A-11D0-8D11-00A0C91BC942}") = "Camera_0", "Camera_0\Camera_0.vcxproj", "{0188366F-C1E9-4BE1-A669-912B93C6F819}"
EndProject
Project("{8BC9CEB8-8B4A-11D0-8D11-00A0C91BC942}") = "FrustumCulling", "FrustumCulling\FrustumCulling.vcxproj", "{EB0320C8-CDC0-467E-ABB1-F6DB98BC8AAF}"
EndProject
Project("{8BC9CEB8-8B4A-11D0-8D11-00A0C91BC942}") = "StencilBuffer", "StencilBuffer\StencilBuffer.vcxproj", "{0B3BB256-2496-4A71-B75B-3C2E8E1A189F}"
EndProject
Project("{8BC9CEB8-8B4A-11D0-8D11-00A0C91BC942}") = "MMapSample", "MMapSample\MMapSample.vcxproj", "{E7F94EC8-C8ED-43EC-9659-2982DB040370}"
EndProject
Project("{8BC9CEB8-8B4A-11D0-8D11-00A0C91BC942}") = "SCoreDX", "SCoreDX\SCoreDX.vcxproj", "{DBEE3B8E-C3C2-420C-BC43-76E65E2735F6}"
EndProject
Global
	GlobalSection(SolutionConfigurationPlatforms) = preSolution
		Debug|x64 = Debug|x64
		Debug|x86 = Debug|x86
		Release|x64 = Release|x64
		Release|x86 = Release|x86
	EndGlobalSection
	GlobalSection(ProjectConfigurationPlatforms) = postSolution
		{3EF53C47-954E-4445-B9F7-25255ED35F1F}.Debug|x64.ActiveCfg = Debug|x64
		{3EF53C47-954E-4445-B9F7-25255ED35F1F}.Debug|x64.Build.0 = Debug|x64
		{3EF53C47-954E-4445-B9F7-25255ED35F1F}.Debug|x86.ActiveCfg = Debug|Win32
		{3EF53C47-954E-4445-B9F7-25255ED35F1F}.Debug|x86.Build.0 = Debug|Win32
		{3EF53C47-954E-4445-B9F7-25255ED35F1F}.Release|x64.ActiveCfg = Release|x64
		{3EF53C47-954E-4445-B9F7-25255ED35F1F}.Release|x64.Build.0 = Release|x64
		{3EF53C47-954E-4445-B9F7-25255ED35F1F}.Release|x86.ActiveCfg = Release|Win32
		{3EF53C47-954E-4445-B9F7-25255ED35F1F}.Release|x86.Build.0 = Release|Win32
		{7BED0688-78A2-4940-8A3F-94C0E43F0178}.Debug|x64.ActiveCfg = Debug|x64
		{7BED0688-78A2-4940-8A3F-94C0E43F0178}.Debug|x64.Build.0 = Debug|x64
		{7BED0688-78A2-4940-8A3F-94C0E43F0178}.Debug|x86.ActiveCfg = Debug|Win32
		{7BED0688-78A2-4940-8A3F-94C0E43F0178}.Debug|x86.Build.0 = Debug|Win32
		{7BED0688-78A2-4940-8A3F-94C0E43F0178}.Release|x64.ActiveCfg = Release|x64
		{7BED0688-78A2-4940-8A3F-94C0E43F0178}.Release|x64.Build.0 = Release|x64
		{7BED0688-78A2-4940-8A3F-94C0E43F0178}.Release|x86.ActiveCfg = Release|Win32
		{7BED0688-78A2-4940-8A3F-94C0E43F0178}.Release|x86.Build.0 = Release|Win32
		{FEA440A2-BEE3-46A9-80FB-E9DFAC6E5365}.Debug|x64.ActiveCfg = Debug|x64
		{FEA440A2-BEE3-46A9-80FB-E9DFAC6E5365}.Debug|x64.Build.0 = Debug|x64
		{FEA440A2-BEE3-46A9-80FB-E9DFAC6E5365}.Debug|x86.ActiveCfg = Debug|Win32
		{FEA440A2-BEE3-46A9-80FB-E9DFAC6E5365}.Debug|x86.Build.0 = Debug|Win32
		{FEA440A2-BEE3-46A9-80FB-E9DFAC6E5365}.Release|x64.ActiveCfg = Release|x64
		{FEA440A2-BEE3-46A9-80FB-E9DFAC6E5365}.Release|x64.Build.0 = Release|x64
		{FEA440A2-BEE3-46A9-80FB-E9DFAC6E5365}.Release|x86.ActiveCfg = Release|Win32
		{FEA440A2-BEE3-46A9-80FB-E9DFAC6E5365}.Release|x86.Build.0 = Release|Win32
		{2B925504-AFB2-4D19-964E-42F3817AC7AE}.Debug|x64.ActiveCfg = Debug|x64
		{2B925504-AFB2-4D19-964E-42F3817AC7AE}.Debug|x64.Build.0 = Debug|x64
		{2B925504-AFB2-4D19-964E-42F3817AC7AE}.Debug|x86.ActiveCfg = Debug|Win32
		{2B925504-AFB2-4D19-964E-42F3817AC7AE}.Debug|x86.Build.0 = Debug|Win32
		{2B925504-AFB2-4D19-964E-42F3817AC7AE}.Release|x64.ActiveCfg = Release|x64
		{2B925504-AFB2-4D19-964E-42F3817AC7AE}.Release|x64.Build.0 = Release|x64
		{2B925504-AFB2-4D19-964E-42F3817AC7AE}.Release|x86.ActiveCfg = Release|Win32
		{2B925504-AFB2-4D19-964E-42F3817AC7AE}.Release|x86.Build.0 = Release|Win32
		{97ADA6C3-9743-4763-9AD9-83A569E942E5}.Debug|x64.ActiveCfg = Debug|x64
		{97ADA6C3-9743-4763-9AD9-83A569E942E5}.Debug|x64.Build.0 = Debug|x64
		{97ADA6C3-9743-4763-9AD9-83A569E942E5}.Debug|x86.ActiveCfg = Debug|Win32
		{97ADA6C3-9743-4763-9AD9-83A569E942E5}.Debug|x86.Build.0 = Debug|Win32
		{97ADA6C3-9743-4763-9AD9-83A569E942E5}.Release|x64.ActiveCfg = Release|x64
		{97ADA6C3-9743-4763-9AD9-83A569E942E5}.Release|x64.Build.0 = Release|x64
		{97ADA6C3-9743-4763-9AD9-83A569E942E5}.Release|x86.ActiveCfg = Release|Win32
		{97ADA6C3-9743-4763-9AD9-83A569E942E5}.Release|x86.Build.0 = Release|Win32
		{36C39555-532C-4F7E-8CA9-12815EC2E77F}.Debug|x64.ActiveCfg = Debug|x64
		{36C39555-532C-4F7E-8CA9-12815EC2E77F}.Debug|x64.Build.0 = Debug|x64
		{36C39555-532C-4F7E-8CA9-12815EC2E77F}.Debug|x86.ActiveCfg = Debug|Win32
		{36C39555-532C-4F7E-8CA9-12815EC2E77F}.Debug|x86.Build.0 = Debug|Win32
		{36C39555-532C-4F7E-8CA9-12815EC2E77F}.Release|x64.ActiveCfg = Release|x64
		{36C39555-532C-4F7E-8CA9-12815EC2E77F}.Release|x64.Build.0 = Release|x64
		{36C39555-532C-4F7E-8CA9-12815EC2E77F}.Release|x86.ActiveCfg = Release|Win32
		{36C39555-532C-4F7E-8CA9-12815EC2E77F}.Release|x86.Build.0 = Release|Win32
		{A16B0838-AC37-4B0A-B6CE-2EA8CCB3D842}.Debug|x64.ActiveCfg = Debug|x64
		{A16B0838-AC37-4B0A-B6CE-2EA8CCB3D842}.Debug|x64.Build.0 = Debug|x64
		{A16B0838-AC37-4B0A-B6CE-2EA8CCB3D842}.Debug|x86.ActiveCfg = Debug|Win32
		{A16B0838-AC37-4B0A-B6CE-2EA8CCB3D842}.Debug|x86.Build.0 = Debug|Win32
		{A16B0838-AC37-4B0A-B6CE-2EA8CCB3D842}.Release|x64.ActiveCfg = Release|x64
		{A16B0838-AC37-4B0A-B6CE-2EA8CCB3D842}.Release|x64.Build.0 = Release|x64
		{A16B0838-AC37-4B0A-B6CE-2EA8CCB3D842}.Release|x86.ActiveCfg = Release|Win32
		{A16B0838-AC37-4B0A-B6CE-2EA8CCB3D842}.Release|x86.Build.0 = Release|Win32
		{C48CEF59-8DB9-4772-B3A8-CCF14C5E473D}.Debug|x64.ActiveCfg = Debug|x64
		{C48CEF59-8DB9-4772-B3A8-CCF14C5E473D}.Debug|x64.Build.0 = Debug|x64
		{C48CEF59-8DB9-4772-B3A8-CCF14C5E473D}.Debug|x86.ActiveCfg = Debug|Win32
		{C48CEF59-8DB9-4772-B3A8-CCF14C5E473D}.Debug|x86.Build.0 = Debug|Win32
		{C48CEF59-8DB9-4772-B3A8-CCF14C5E473D}.Release|x64.ActiveCfg = Release|x64
		{C48CEF59-8DB9-4772-B3A8-CCF14C5E473D}.Release|x64.Build.0 = Release|x64
		{C48CEF59-8DB9-4772-B3A8-CCF14C5E473D}.Release|x86.ActiveCfg = Release|Win32
		{C48CEF59-8DB9-4772-B3A8-CCF14C5E473D}.Release|x86.Build.0 = Release|Win32
		{9A66A7D2-E149-4D6E-B922-27AB4338FC39}.Debug|x64.ActiveCfg = Debug|x64
		{9A66A7D2-E149-4D6E-B922-27AB4338FC39}.Debug|x64.Build.0 = Debug|x64
		{9A66A7D2-E149-4D6E-B922-27AB4338FC39}.Debug|x86.ActiveCfg = Debug|Win32
		{9A66A7D2-E149-4D6E-B922-27AB4338FC39}.Debug|x86.Build.0 = Debug|Win32
		{9A66A7D2-E149-4D6E-B922-27AB4338FC39}.Release|x64.ActiveCfg = Release|x64
		{9A66A7D2-E149-4D6E-B922-27AB4338FC39}.Release|x64.Build.0 = Release|x64
		{9A66A7D2-E149-4D6E-B922-27AB4338FC39}.Release|x86.ActiveCfg = Release|Win32
		{9A66A7D2-E149-4D6E-B922-27AB4338FC39}.Release|x86.Build.0 = Release|Win32
		{A5E90BC8-586C-4594-A035-7FB41941476B}.Debug|x64.ActiveCfg = Debug|x64
		{A5E90BC8-586C-4594-A035-7FB41941476B}.Debug|x64.Build.0 = Debug|x64
		{A5E90BC8-586C-4594-A035-7FB41941476B}.Debug|x86.ActiveCfg = Debug|Win32
		{A5E90BC8-586C-4594-A035-7FB41941476B}.Debug|x86.Build.0 = Debug|Win32
		{A5E90BC8-586C-4594-A035-7FB41941476B}.Release|x64.ActiveCfg = Release|x64
		{A5E90BC8-586C-4594-A035-7FB41941476B}.Release|x64.Build.0 = Release|x64
		{A5E90BC8-586C-4594-A035-7FB41941476B}.Release|x86.ActiveCfg = Release|Win32
		{A5E90BC8-586C-4594-A035-7FB41941476B}.Release|x86.Build.0 = Release|Win32
		{4AEE24D0-8C38-4E94-85FD-469C219953CB}.Debug|x64.ActiveCfg = Debug|x64
		{4AEE24D0-8C38-4E94-85FD-469C219953CB}.Debug|x64.Build.0 = Debug|x64
		{4AEE24D0-8C38-4E94-85FD-469C219953CB}.Debug|x86.ActiveCfg = Debug|Win32
		{4AEE24D0-8C38-4E94-85FD-469C219953CB}.Debug|x86.Build.0 = Debug|Win32
		{4AEE24D0-8C38-4E94-85FD-469C219953CB}.Release|x64.ActiveCfg = Release|x64
		{4AEE24D0-8C38-4E94-85FD-469C219953CB}.Release|x64.Build.0 = Release|x64
		{4AEE24D0-8C38-4E94-85FD-469C219953CB}.Release|x86.ActiveCfg = Release|Win32
		{4AEE24D0-8C38-4E94-85FD-469C219953CB}.Release|x86.Build.0 = Release|Win32
		{20DAEFBA-6CD0-41BC-834D-1508D544FFBB}.Debug|x64.ActiveCfg = Debug|x64
		{20DAEFBA-6CD0-41BC-834D-1508D544FFBB}.Debug|x64.Build.0 = Debug|x64
		{20DAEFBA-6CD0-41BC-834D-1508D544FFBB}.Debug|x86.ActiveCfg = Debug|Win32
		{20DAEFBA-6CD0-41BC-834D-1508D544FFBB}.Debug|x86.Build.0 = Debug|Win32
		{20DAEFBA-6CD0-41BC-834D-1508D544FFBB}.Release|x64.ActiveCfg = Release|x64
		{20DAEFBA-6CD0-41BC-834D-1508D544FFBB}.Release|x64.Build.0 = Release|x64
		{20DAEFBA-6CD0-41BC-834D-1508D544FFBB}.Release|x86.ActiveCfg = Release|Win32
		{20DAEFBA-6CD0-41BC-834D-1508D544FFBB}.Release|x86.Build.0 = Release|Win32
		{0188366F-C1E9-4BE1-A669-912B93C6F819}.Debug|x64.ActiveCfg = Debug|x64
		{0188366F-C1E9-4BE1-A669-912B93C6F819}.Debug|x64.Build.0 = Debug|x64
		{0188366F-C1E9-4BE1-A669-912B93C6F819}.Debug|x86.ActiveCfg = Debug|Win32
		{0188366F-C1E9-4BE1-A669-912B93C6F819}.Debug|x86.Build.0 = Debug|Win32
		{0188366F-C1E9-4BE1-A669-912B93C6F819}.Release|x64.ActiveCfg = Release|x64
		{0188366F-C1E9-4BE1-A669-912B93C6F819}.Release|x64.Build.0 = Release|x64
		{0188366F-C1E9-4BE1-A669-912B93C6F819}.Release|x86.ActiveCfg = Release|Win32
		{0188366F-C1E9-4BE1-A669-912B93C6F819}.Release|x86.Build.0 = Release|Win32
		{EB0320C8-CDC0-467E-ABB1-F6DB98BC8AAF}.Debug|x64.ActiveCfg = Debug|x64
		{EB0320C8-CDC0-467E-ABB1-F6DB98BC8AAF}.Debug|x64.Build.0 = Debug|x64
		{EB0320C8-CDC0-467E-ABB1-F6DB98BC8AAF}.Debug|x86.ActiveCfg = Debug|Win32
		{EB0320C8-CDC0-467E-ABB1-F6DB98BC8AAF}.Debug|x86.Build.0 = Debug|Win32
		{EB0320C8-CDC0-467E-ABB1-F6DB98BC8AAF}.Release|x64.ActiveCfg = Release|x64
		{EB0320C8-CDC0-467E-ABB1-F6DB98BC8AAF}.Release|x64.Build.0 = Release|x64
		{EB0320C8-CDC0-467E-ABB1-F6DB98BC8AAF}.Release|x86.ActiveCfg = Release|Win32
		{EB0320C8-CDC0-467E-ABB1-F6DB98BC8AAF}.Release|x86.Build.0 = Release|Win32
		{0B3BB256-2496-4A71-B75B-3C2E8E1A189F}.Debug|x64.ActiveCfg = Debug|x64
		{0B3BB256-2496-4A71-B75B-3C2E8E1A189F}.Debug|x64.Build.0 = Debug|x64
		{0B3BB256-2496-4A71-B75B-3C2E8E1A189F}.Debug|x86.ActiveCfg = Debug|Win32
		{0B3BB256-2496-4A71-B75B-3C2E8E1A189F}.Debug|x86.Build.0 = Debug|Win32
		{0B3BB256-2496-4A71-B75B-3C2E8E1A189F}.Release|x64.ActiveCfg = Release|x64
		{0B3BB256-2496-4A71-B75B-3C2E8E1A189F}.Release|x64.Build.0 = Release|x64
		{0B3BB256-2496-4A71-B75B-3C2E8E1A189F}.Release|x86.ActiveCfg = Release|Win32
		{0B3BB256-2496-4A71-B75B-3C2E8E1A189F}.Release|x86.Build.0 = Release|Win32
		{E7F94EC8-C8ED-43EC-9659-2982DB040370}.Debug|x64.ActiveCfg = Debug|x64
		{E7F94EC8-C8ED-43EC-9659-2982DB040370}.Debug|x64.Build.0 = Debug|x64
		{E7F94EC8-C8ED-43EC-9659-2982DB040370}.Debug|x86.ActiveCfg = Debug|Win32
		{E7F94EC8-C8ED-43EC-9659-2982DB040370}.Debug|x86.Build.0 = Debug|Win32
		{E7F94EC8-C8ED-43EC-9659-2982DB040370}.Release|x64.ActiveCfg = Release|x64
		{E7F94EC8-C8ED-43EC-9659-2982DB040370}.Release|x64.Build.0 = Release|x64
		{E7F94EC8-C8ED-43EC-9659-2982DB040370}.Release|x86.ActiveCfg = Release|Win32
		{E7F94EC8-C8ED-43EC-9659-2982DB040370}.Release|x86.Build.0 = Release|Win32
		{DBEE3B8E-C3C2-420C-BC43-76E65E2735F6}.Debug|x64.ActiveCfg = Debug|x64
		{DBEE3B8E-C3C2-420C-BC43-76E65E2735F6}.Debug|x64.Build.0 = Debug|x64
		{DBEE3B8E-C3C2-420C-BC43-76E65E2735F6}.Debug|x86.ActiveCfg = Debug|Win32
		{DBEE3B8E-C3C2-420C-BC43-76E65E2735F6}.Debug|x86.Build.0 = Debug|Win32
		{DBEE3B8E-C3C2-420C-BC43-76E65E2735F6}.Release|x64.ActiveCfg = Release|x64
		{DBEE3B8E-C3C2-420C-BC43-76E65E2735F6}.Release|x64.Build.0 = Release|x64
		{DBEE3B8E-C3C2-420C-BC43-76E65E2735F6}.Release|x86.ActiveCfg = Release|Win32
		{DBEE3B8E-C3C2-420C-BC43-76E65E2735F6}.Release|x86.Build.0 = Release|Win32
	EndGlobalSection
	GlobalSection(SolutionProperties) = preSolution
		HideSolutionNode = FALSE
	EndGlobalSection
	GlobalSection(NestedProjects) = preSolution
		{3EF53C47-954E-4445-B9F7-25255ED35F1F} = {34C6B5D7-22EF-48BF-BC7C-4CFE64DEAB3B}
		{7BED0688-78A2-4940-8A3F-94C0E43F0178} = {34C6B5D7-22EF-48BF-BC7C-4CFE64DEAB3B}
		{2B925504-AFB2-4D19-964E-42F3817AC7AE} = {34C6B5D7-22EF-48BF-BC7C-4CFE64DEAB3B}
		{97ADA6C3-9743-4763-9AD9-83A569E942E5} = {34C6B5D7-22EF-48BF-BC7C-4CFE64DEAB3B}
		{36C39555-532C-4F7E-8CA9-12815EC2E77F} = {34C6B5D7-22EF-48BF-BC7C-4CFE64DEAB3B}
		{A16B0838-AC37-4B0A-B6CE-2EA8CCB3D842} = {34C6B5D7-22EF-48BF-BC7C-4CFE64DEAB3B}
		{C48CEF59-8DB9-4772-B3A8-CCF14C5E473D} = {34C6B5D7-22EF-48BF-BC7C-4CFE64DEAB3B}
		{4AEE24D0-8C38-4E94-85FD-469C219953CB} = {11B13996-C46D-48FD-A9CF-AC368BE7AE56}
		{20DAEFBA-6CD0-41BC-834D-1508D544FFBB} = {F2AADC65-4E0B-4DE8-9840-02C6B49DE4E0}
		{0188366F-C1E9-4BE1-A669-912B93C6F819} = {95211807-43A2-432B-AA44-93C71F02263C}
		{EB0320C8-CDC0-467E-ABB1-F6DB98BC8AAF} = {F2AADC65-4E0B-4DE8-9840-02C6B49DE4E0}
		{0B3BB256-2496-4A71-B75B-3C2E8E1A189F} = {F2AADC65-4E0B-4DE8-9840-02C6B49DE4E0}
		{E7F94EC8-C8ED-43EC-9659-2982DB040370} = {F2AADC65-4E0B-4DE8-9840-02C6B49DE4E0}
	EndGlobalSection
	GlobalSection(ExtensibilityGlobals) = postSolution
		SolutionGuid = {CD003D59-4234-49ED-9147-B3B45152E239}
	EndGlobalSection
EndGlobal
